# THIS IS AN AUTOGENERATED FILE. DO NOT EDIT THIS FILE DIRECTLY.
# yarn lockfile v1


"@aws-crypto/sha256-browser@5.2.0":
  version "5.2.0"
  resolved "https://registry.yarnpkg.com/@aws-crypto/sha256-browser/-/sha256-browser-5.2.0.tgz#153895ef1dba6f9fce38af550e0ef58988eb649e"
  integrity sha512-AXfN/lGotSQwu6HNcEsIASo7kWXZ5HYWvfOmSNKDsEqC4OashTp8alTmaz+F7TC2L083SFv5RdB+qU3Vs1kZqw==
  dependencies:
    "@aws-crypto/sha256-js" "^5.2.0"
    "@aws-crypto/supports-web-crypto" "^5.2.0"
    "@aws-crypto/util" "^5.2.0"
    "@aws-sdk/types" "^3.222.0"
    "@aws-sdk/util-locate-window" "^3.0.0"
    "@smithy/util-utf8" "^2.0.0"
    tslib "^2.6.2"

"@aws-crypto/sha256-js@5.2.0", "@aws-crypto/sha256-js@^5.2.0":
  version "5.2.0"
  resolved "https://registry.yarnpkg.com/@aws-crypto/sha256-js/-/sha256-js-5.2.0.tgz#c4fdb773fdbed9a664fc1a95724e206cf3860042"
  integrity sha512-FFQQyu7edu4ufvIZ+OadFpHHOt+eSTBaYaki44c+akjg7qZg9oOQeLlk77F6tSYqjDAFClrHJk9tMf0HdVyOvA==
  dependencies:
    "@aws-crypto/util" "^5.2.0"
    "@aws-sdk/types" "^3.222.0"
    tslib "^2.6.2"

"@aws-crypto/supports-web-crypto@^5.2.0":
  version "5.2.0"
  resolved "https://registry.yarnpkg.com/@aws-crypto/supports-web-crypto/-/supports-web-crypto-5.2.0.tgz#a1e399af29269be08e695109aa15da0a07b5b5fb"
  integrity sha512-iAvUotm021kM33eCdNfwIN//F77/IADDSs58i+MDaOqFrVjZo9bAal0NK7HurRuWLLpF1iLX7gbWrjHjeo+YFg==
  dependencies:
    tslib "^2.6.2"

"@aws-crypto/util@^5.2.0":
  version "5.2.0"
  resolved "https://registry.yarnpkg.com/@aws-crypto/util/-/util-5.2.0.tgz#71284c9cffe7927ddadac793c14f14886d3876da"
  integrity sha512-4RkU9EsI6ZpBve5fseQlGNUWKMa1RLPQ1dnjnQoe07ldfIzcsGb5hC5W0Dm7u423KWzawlrpbjXBrXCEv9zazQ==
  dependencies:
    "@aws-sdk/types" "^3.222.0"
    "@smithy/util-utf8" "^2.0.0"
    tslib "^2.6.2"

"@aws-sdk/core@3.957.0":
  version "3.957.0"
  resolved "https://registry.yarnpkg.com/@aws-sdk/core/-/core-3.957.0.tgz#a32aff5d48b4ed065567b9aab1cf671c17e71c9d"
  integrity sha512-DrZgDnF1lQZv75a52nFWs6MExihJF2GZB6ETZRqr6jMwhrk2kbJPUtvgbifwcL7AYmVqHQDJBrR/MqkwwFCpiw==
  dependencies:
    "@aws-sdk/types" "3.957.0"
    "@aws-sdk/xml-builder" "3.957.0"
    "@smithy/core" "^3.20.0"
    "@smithy/node-config-provider" "^4.3.7"
    "@smithy/property-provider" "^4.2.7"
    "@smithy/protocol-http" "^5.3.7"
    "@smithy/signature-v4" "^5.3.7"
    "@smithy/smithy-client" "^4.10.2"
    "@smithy/types" "^4.11.0"
    "@smithy/util-base64" "^4.3.0"
    "@smithy/util-middleware" "^4.2.7"
    "@smithy/util-utf8" "^4.2.0"
    tslib "^2.6.2"

"@aws-sdk/middleware-host-header@3.957.0":
  version "3.957.0"
  resolved "https://registry.yarnpkg.com/@aws-sdk/middleware-host-header/-/middleware-host-header-3.957.0.tgz#56cc0de787a28254be77ab3d8cb15dccd5b9949e"
  integrity sha512-BBgKawVyfQZglEkNTuBBdC3azlyqNXsvvN4jPkWAiNYcY0x1BasaJFl+7u/HisfULstryweJq/dAvIZIxzlZaA==
  dependencies:
    "@aws-sdk/types" "3.957.0"
    "@smithy/protocol-http" "^5.3.7"
    "@smithy/types" "^4.11.0"
    tslib "^2.6.2"

"@aws-sdk/middleware-logger@3.957.0":
  version "3.957.0"
  resolved "https://registry.yarnpkg.com/@aws-sdk/middleware-logger/-/middleware-logger-3.957.0.tgz#605b1cbaeaf847610f06b2a7c0efe250e99b5775"
  integrity sha512-w1qfKrSKHf9b5a8O76yQ1t69u6NWuBjr5kBX+jRWFx/5mu6RLpqERXRpVJxfosbep7k3B+DSB5tZMZ82GKcJtQ==
  dependencies:
    "@aws-sdk/types" "3.957.0"
    "@smithy/types" "^4.11.0"
    tslib "^2.6.2"

"@aws-sdk/middleware-recursion-detection@3.957.0":
  version "3.957.0"
  resolved "https://registry.yarnpkg.com/@aws-sdk/middleware-recursion-detection/-/middleware-recursion-detection-3.957.0.tgz#8c30f913975accb4e2c5ae249d05fbd4cbbbde75"
  integrity sha512-D2H/WoxhAZNYX+IjkKTdOhOkWQaK0jjJrDBj56hKjU5c9ltQiaX/1PqJ4dfjHntEshJfu0w+E6XJ+/6A6ILBBA==
  dependencies:
    "@aws-sdk/types" "3.957.0"
    "@aws/lambda-invoke-store" "^0.2.2"
    "@smithy/protocol-http" "^5.3.7"
    "@smithy/types" "^4.11.0"
    tslib "^2.6.2"

"@aws-sdk/middleware-user-agent@3.957.0":
  version "3.957.0"
  resolved "https://registry.yarnpkg.com/@aws-sdk/middleware-user-agent/-/middleware-user-agent-3.957.0.tgz#3cbad11e78a72f95b3355754fcac260a8d352e9b"
  integrity sha512-50vcHu96XakQnIvlKJ1UoltrFODjsq2KvtTgHiPFteUS884lQnK5VC/8xd1Msz/1ONpLMzdCVproCQqhDTtMPQ==
  dependencies:
    "@aws-sdk/core" "3.957.0"
    "@aws-sdk/types" "3.957.0"
    "@aws-sdk/util-endpoints" "3.957.0"
    "@smithy/core" "^3.20.0"
    "@smithy/protocol-http" "^5.3.7"
    "@smithy/types" "^4.11.0"
    tslib "^2.6.2"

"@aws-sdk/nested-clients@3.957.0":
  version "3.957.0"
  resolved "https://registry.yarnpkg.com/@aws-sdk/nested-clients/-/nested-clients-3.957.0.tgz#673729b41a1d9f9078bd0d540afa416ddc6cd737"
  integrity sha512-PZUFtaUTSZWO+mbgQGWSiwz3EqedsuKNb7Xoxjzh5rfJE352DD4/jScQEhVPxvdLw62IK9b5UDu5kZlxzBs9Ow==
  dependencies:
    "@aws-crypto/sha256-browser" "5.2.0"
    "@aws-crypto/sha256-js" "5.2.0"
    "@aws-sdk/core" "3.957.0"
    "@aws-sdk/middleware-host-header" "3.957.0"
    "@aws-sdk/middleware-logger" "3.957.0"
    "@aws-sdk/middleware-recursion-detection" "3.957.0"
    "@aws-sdk/middleware-user-agent" "3.957.0"
    "@aws-sdk/region-config-resolver" "3.957.0"
    "@aws-sdk/types" "3.957.0"
    "@aws-sdk/util-endpoints" "3.957.0"
    "@aws-sdk/util-user-agent-browser" "3.957.0"
    "@aws-sdk/util-user-agent-node" "3.957.0"
    "@smithy/config-resolver" "^4.4.5"
    "@smithy/core" "^3.20.0"
    "@smithy/fetch-http-handler" "^5.3.8"
    "@smithy/hash-node" "^4.2.7"
    "@smithy/invalid-dependency" "^4.2.7"
    "@smithy/middleware-content-length" "^4.2.7"
    "@smithy/middleware-endpoint" "^4.4.1"
    "@smithy/middleware-retry" "^4.4.17"
    "@smithy/middleware-serde" "^4.2.8"
    "@smithy/middleware-stack" "^4.2.7"
    "@smithy/node-config-provider" "^4.3.7"
    "@smithy/node-http-handler" "^4.4.7"
    "@smithy/protocol-http" "^5.3.7"
    "@smithy/smithy-client" "^4.10.2"
    "@smithy/types" "^4.11.0"
    "@smithy/url-parser" "^4.2.7"
    "@smithy/util-base64" "^4.3.0"
    "@smithy/util-body-length-browser" "^4.2.0"
    "@smithy/util-body-length-node" "^4.2.1"
    "@smithy/util-defaults-mode-browser" "^4.3.16"
    "@smithy/util-defaults-mode-node" "^4.2.19"
    "@smithy/util-endpoints" "^3.2.7"
    "@smithy/util-middleware" "^4.2.7"
    "@smithy/util-retry" "^4.2.7"
    "@smithy/util-utf8" "^4.2.0"
    tslib "^2.6.2"

"@aws-sdk/region-config-resolver@3.957.0":
  version "3.957.0"
  resolved "https://registry.yarnpkg.com/@aws-sdk/region-config-resolver/-/region-config-resolver-3.957.0.tgz#543591900f9d253ab28ef97a0659dafb8d5d90b9"
  integrity sha512-V8iY3blh8l2iaOqXWW88HbkY5jDoWjH56jonprG/cpyqqCnprvpMUZWPWYJoI8rHRf2bqzZeql1slxG6EnKI7A==
  dependencies:
    "@aws-sdk/types" "3.957.0"
    "@smithy/config-resolver" "^4.4.5"
    "@smithy/node-config-provider" "^4.3.7"
    "@smithy/types" "^4.11.0"
    tslib "^2.6.2"

"@aws-sdk/token-providers@3.957.0":
  version "3.957.0"
  resolved "https://registry.yarnpkg.com/@aws-sdk/token-providers/-/token-providers-3.957.0.tgz#590e01e6a356090e03905bd9e8f82f06649fc752"
  integrity sha512-oSwo3BZ6gcvhjTg036V0UQmtENUeNwfCU35iDckX961CdI1alQ3TKRWLzKrwvXCbrOx+bZsuA1PHsTbNhI/+Fw==
  dependencies:
    "@aws-sdk/core" "3.957.0"
    "@aws-sdk/nested-clients" "3.957.0"
    "@aws-sdk/types" "3.957.0"
    "@smithy/property-provider" "^4.2.7"
    "@smithy/shared-ini-file-loader" "^4.4.2"
    "@smithy/types" "^4.11.0"
    tslib "^2.6.2"

"@aws-sdk/types@3.957.0":
  version "3.957.0"
  resolved "https://registry.yarnpkg.com/@aws-sdk/types/-/types-3.957.0.tgz#06e899503028bdb8c655aa11a9a01f562882f361"
  integrity sha512-wzWC2Nrt859ABk6UCAVY/WYEbAd7FjkdrQL6m24+tfmWYDNRByTJ9uOgU/kw9zqLCAwb//CPvrJdhqjTznWXAg==
  dependencies:
    "@smithy/types" "^4.11.0"
    tslib "^2.6.2"

"@aws-sdk/types@^3.222.0":
  version "3.489.0"
  resolved "https://registry.yarnpkg.com/@aws-sdk/types/-/types-3.489.0.tgz#0fa29adaace3e407ac15428524aa67e9bd229f65"
  integrity sha512-kcDtLfKog/p0tC4gAeqJqWxAiEzfe2LRPnKamvSG2Mjbthx4R/alE2dxyIq/wW+nvRv0fqR3OD5kD1+eVfdr/w==
  dependencies:
    "@smithy/types" "^2.8.0"
    tslib "^2.5.0"

"@aws-sdk/util-endpoints@3.957.0":
  version "3.957.0"
  resolved "https://registry.yarnpkg.com/@aws-sdk/util-endpoints/-/util-endpoints-3.957.0.tgz#a9defb68d2c88ca07641871bc4dfc28e44778b57"
  integrity sha512-xwF9K24mZSxcxKS3UKQFeX/dPYkEps9wF1b+MGON7EvnbcucrJGyQyK1v1xFPn1aqXkBTFi+SZaMRx5E5YCVFw==
  dependencies:
    "@aws-sdk/types" "3.957.0"
    "@smithy/types" "^4.11.0"
    "@smithy/url-parser" "^4.2.7"
    "@smithy/util-endpoints" "^3.2.7"
    tslib "^2.6.2"

"@aws-sdk/util-locate-window@^3.0.0":
  version "3.465.0"
  resolved "https://registry.yarnpkg.com/@aws-sdk/util-locate-window/-/util-locate-window-3.465.0.tgz#0471428fb5eb749d4b72c427f5726f7b61fb90eb"
  integrity sha512-f+QNcWGswredzC1ExNAB/QzODlxwaTdXkNT5cvke2RLX8SFU5pYk6h4uCtWC0vWPELzOfMfloBrJefBzlarhsw==
  dependencies:
    tslib "^2.5.0"

"@aws-sdk/util-user-agent-browser@3.957.0":
  version "3.957.0"
  resolved "https://registry.yarnpkg.com/@aws-sdk/util-user-agent-browser/-/util-user-agent-browser-3.957.0.tgz#990c2ca62910aa6d51fbd76e52b1246c21722060"
  integrity sha512-exueuwxef0lUJRnGaVkNSC674eAiWU07ORhxBnevFFZEKisln+09Qrtw823iyv5I1N8T+wKfh95xvtWQrNKNQw==
  dependencies:
    "@aws-sdk/types" "3.957.0"
    "@smithy/types" "^4.11.0"
    bowser "^2.11.0"
    tslib "^2.6.2"

"@aws-sdk/util-user-agent-node@3.957.0":
  version "3.957.0"
  resolved "https://registry.yarnpkg.com/@aws-sdk/util-user-agent-node/-/util-user-agent-node-3.957.0.tgz#243318783b1fa09c9017bc4cf041bd27df61a775"
  integrity sha512-ycbYCwqXk4gJGp0Oxkzf2KBeeGBdTxz559D41NJP8FlzSej1Gh7Rk40Zo6AyTfsNWkrl/kVi1t937OIzC5t+9Q==
  dependencies:
    "@aws-sdk/middleware-user-agent" "3.957.0"
    "@aws-sdk/types" "3.957.0"
    "@smithy/node-config-provider" "^4.3.7"
    "@smithy/types" "^4.11.0"
    tslib "^2.6.2"

"@aws-sdk/xml-builder@3.957.0":
  version "3.957.0"
  resolved "https://registry.yarnpkg.com/@aws-sdk/xml-builder/-/xml-builder-3.957.0.tgz#b9734189e1149953f8893bc485a9fd036aa63d29"
  integrity sha512-Ai5iiQqS8kJ5PjzMhWcLKN0G2yasAkvpnPlq2EnqlIMdB48HsizElt62qcktdxp4neRMyGkFq4NzgmDbXnhRiA==
  dependencies:
    "@smithy/types" "^4.11.0"
    fast-xml-parser "5.2.5"
    tslib "^2.6.2"

"@aws/lambda-invoke-store@^0.2.2":
  version "0.2.2"
  resolved "https://registry.yarnpkg.com/@aws/lambda-invoke-store/-/lambda-invoke-store-0.2.2.tgz#b00f7d6aedfe832ef6c84488f3a422cce6a47efa"
  integrity sha512-C0NBLsIqzDIae8HFw9YIrIBsbc0xTiOtt7fAukGPnqQ/+zZNaq+4jhuccltK0QuWHBnNm/a6kLIRA6GFiM10eg==

"@babel/runtime@^7.21.0":
  version "7.23.8"
  resolved "https://registry.yarnpkg.com/@babel/runtime/-/runtime-7.23.8.tgz#8ee6fe1ac47add7122902f257b8ddf55c898f650"
  integrity sha512-Y7KbAP984rn1VGMbGqKmBLio9V7y5Je9GvU4rQPCPinCyNfUcToxIXl06d59URp/F3LwinvODxab5N/G6qggkw==
  dependencies:
    regenerator-runtime "^0.14.0"

"@smithy/abort-controller@^4.2.7":
  version "4.2.7"
  resolved "https://registry.yarnpkg.com/@smithy/abort-controller/-/abort-controller-4.2.7.tgz#b475e8d7bb1aeee45fdc8d984c35e6ca9bb0428c"
  integrity sha512-rzMY6CaKx2qxrbYbqjXWS0plqEy7LOdKHS0bg4ixJ6aoGDPNUcLWk/FRNuCILh7GKLG9TFUXYYeQQldMBBwuyw==
  dependencies:
    "@smithy/types" "^4.11.0"
    tslib "^2.6.2"

"@smithy/config-resolver@^4.4.5":
  version "4.4.5"
  resolved "https://registry.yarnpkg.com/@smithy/config-resolver/-/config-resolver-4.4.5.tgz#35e792b6db00887bdd029df9b41780ca005d064b"
  integrity sha512-HAGoUAFYsUkoSckuKbCPayECeMim8pOu+yLy1zOxt1sifzEbrsRpYa+mKcMdiHKMeiqOibyPG0sFJnmaV/OGEg==
  dependencies:
    "@smithy/node-config-provider" "^4.3.7"
    "@smithy/types" "^4.11.0"
    "@smithy/util-config-provider" "^4.2.0"
    "@smithy/util-endpoints" "^3.2.7"
    "@smithy/util-middleware" "^4.2.7"
    tslib "^2.6.2"

"@smithy/core@^3.20.0":
  version "3.20.0"
  resolved "https://registry.yarnpkg.com/@smithy/core/-/core-3.20.0.tgz#59dbd689e2efe70870591e4331faece9b20a18dd"
  integrity sha512-WsSHCPq/neD5G/MkK4csLI5Y5Pkd9c1NMfpYEKeghSGaD4Ja1qLIohRQf2D5c1Uy5aXp76DeKHkzWZ9KAlHroQ==
  dependencies:
    "@smithy/middleware-serde" "^4.2.8"
    "@smithy/protocol-http" "^5.3.7"
    "@smithy/types" "^4.11.0"
    "@smithy/util-base64" "^4.3.0"
    "@smithy/util-body-length-browser" "^4.2.0"
    "@smithy/util-middleware" "^4.2.7"
    "@smithy/util-stream" "^4.5.8"
    "@smithy/util-utf8" "^4.2.0"
    "@smithy/uuid" "^1.1.0"
    tslib "^2.6.2"

"@smithy/credential-provider-imds@^4.2.7":
  version "4.2.7"
  resolved "https://registry.yarnpkg.com/@smithy/credential-provider-imds/-/credential-provider-imds-4.2.7.tgz#bfbbf797599c3944509ef4c9690a5c960e153ef5"
  integrity sha512-CmduWdCiILCRNbQWFR0OcZlUPVtyE49Sr8yYL0rZQ4D/wKxiNzBNS/YHemvnbkIWj623fplgkexUd/c9CAKdoA==
  dependencies:
    "@smithy/node-config-provider" "^4.3.7"
    "@smithy/property-provider" "^4.2.7"
    "@smithy/types" "^4.11.0"
    "@smithy/url-parser" "^4.2.7"
    tslib "^2.6.2"

"@smithy/fetch-http-handler@^5.3.8":
  version "5.3.8"
  resolved "https://registry.yarnpkg.com/@smithy/fetch-http-handler/-/fetch-http-handler-5.3.8.tgz#092a1b6dfdf5981853c7b0d98ebf048cc5e56c2b"
  integrity sha512-h/Fi+o7mti4n8wx1SR6UHWLaakwHRx29sizvp8OOm7iqwKGFneT06GCSFhml6Bha5BT6ot5pj3CYZnCHhGC2Rg==
  dependencies:
    "@smithy/protocol-http" "^5.3.7"
    "@smithy/querystring-builder" "^4.2.7"
    "@smithy/types" "^4.11.0"
    "@smithy/util-base64" "^4.3.0"
    tslib "^2.6.2"

"@smithy/hash-node@^4.2.7":
  version "4.2.7"
  resolved "https://registry.yarnpkg.com/@smithy/hash-node/-/hash-node-4.2.7.tgz#74a3d3ed8d47ecbe68d19e79af1d23f5abbb7253"
  integrity sha512-PU/JWLTBCV1c8FtB8tEFnY4eV1tSfBc7bDBADHfn1K+uRbPgSJ9jnJp0hyjiFN2PMdPzxsf1Fdu0eo9fJ760Xw==
  dependencies:
    "@smithy/types" "^4.11.0"
    "@smithy/util-buffer-from" "^4.2.0"
    "@smithy/util-utf8" "^4.2.0"
    tslib "^2.6.2"

"@smithy/invalid-dependency@^4.2.7":
  version "4.2.7"
  resolved "https://registry.yarnpkg.com/@smithy/invalid-dependency/-/invalid-dependency-4.2.7.tgz#0afcc586db3032f94f3c1ea1054665b16f793b16"
  integrity sha512-ncvgCr9a15nPlkhIUx3CU4d7E7WEuVJOV7fS7nnK2hLtPK9tYRBkMHQbhXU1VvvKeBm/O0x26OEoBq+ngFpOEQ==
  dependencies:
    "@smithy/types" "^4.11.0"
    tslib "^2.6.2"

"@smithy/is-array-buffer@^2.0.0":
  version "2.0.0"
  resolved "https://registry.yarnpkg.com/@smithy/is-array-buffer/-/is-array-buffer-2.0.0.tgz#8fa9b8040651e7ba0b2f6106e636a91354ff7d34"
  integrity sha512-z3PjFjMyZNI98JFRJi/U0nGoLWMSJlDjAW4QUX2WNZLas5C0CmVV6LJ01JI0k90l7FvpmixjWxPFmENSClQ7ug==
  dependencies:
    tslib "^2.5.0"

"@smithy/is-array-buffer@^4.2.0":
  version "4.2.0"
  resolved "https://registry.yarnpkg.com/@smithy/is-array-buffer/-/is-array-buffer-4.2.0.tgz#b0f874c43887d3ad44f472a0f3f961bcce0550c2"
  integrity sha512-DZZZBvC7sjcYh4MazJSGiWMI2L7E0oCiRHREDzIxi/M2LY79/21iXt6aPLHge82wi5LsuRF5A06Ds3+0mlh6CQ==
  dependencies:
    tslib "^2.6.2"

"@smithy/middleware-content-length@^4.2.7":
  version "4.2.7"
  resolved "https://registry.yarnpkg.com/@smithy/middleware-content-length/-/middleware-content-length-4.2.7.tgz#d9968dc1a6ac3aea9f05a92a900f231e72ba3fbc"
  integrity sha512-GszfBfCcvt7kIbJ41LuNa5f0wvQCHhnGx/aDaZJCCT05Ld6x6U2s0xsc/0mBFONBZjQJp2U/0uSJ178OXOwbhg==
  dependencies:
    "@smithy/protocol-http" "^5.3.7"
    "@smithy/types" "^4.11.0"
    tslib "^2.6.2"

"@smithy/middleware-endpoint@^4.4.1":
  version "4.4.1"
  resolved "https://registry.yarnpkg.com/@smithy/middleware-endpoint/-/middleware-endpoint-4.4.1.tgz#118f27b3ce85cdf66b62866c8de87fa2a5ec86ee"
  integrity sha512-gpLspUAoe6f1M6H0u4cVuFzxZBrsGZmjx2O9SigurTx4PbntYa4AJ+o0G0oGm1L2oSX6oBhcGHwrfJHup2JnJg==
  dependencies:
    "@smithy/core" "^3.20.0"
    "@smithy/middleware-serde" "^4.2.8"
    "@smithy/node-config-provider" "^4.3.7"
    "@smithy/shared-ini-file-loader" "^4.4.2"
    "@smithy/types" "^4.11.0"
    "@smithy/url-parser" "^4.2.7"
    "@smithy/util-middleware" "^4.2.7"
    tslib "^2.6.2"

"@smithy/middleware-retry@^4.4.17":
  version "4.4.17"
  resolved "https://registry.yarnpkg.com/@smithy/middleware-retry/-/middleware-retry-4.4.17.tgz#b71568f8292f2743801aecd056021bca5a66e013"
  integrity sha512-MqbXK6Y9uq17h+4r0ogu/sBT6V/rdV+5NvYL7ZV444BKfQygYe8wAhDrVXagVebN6w2RE0Fm245l69mOsPGZzg==
  dependencies:
    "@smithy/node-config-provider" "^4.3.7"
    "@smithy/protocol-http" "^5.3.7"
    "@smithy/service-error-classification" "^4.2.7"
    "@smithy/smithy-client" "^4.10.2"
    "@smithy/types" "^4.11.0"
    "@smithy/util-middleware" "^4.2.7"
    "@smithy/util-retry" "^4.2.7"
    "@smithy/uuid" "^1.1.0"
    tslib "^2.6.2"

"@smithy/middleware-serde@^4.2.8":
  version "4.2.8"
  resolved "https://registry.yarnpkg.com/@smithy/middleware-serde/-/middleware-serde-4.2.8.tgz#57f1baa98899fd96f4737465b3a363acf1963e0a"
  integrity sha512-8rDGYen5m5+NV9eHv9ry0sqm2gI6W7mc1VSFMtn6Igo25S507/HaOX9LTHAS2/J32VXD0xSzrY0H5FJtOMS4/w==
  dependencies:
    "@smithy/protocol-http" "^5.3.7"
    "@smithy/types" "^4.11.0"
    tslib "^2.6.2"

"@smithy/middleware-stack@^4.2.7":
  version "4.2.7"
  resolved "https://registry.yarnpkg.com/@smithy/middleware-stack/-/middleware-stack-4.2.7.tgz#39d7bdf3a403b3d1f82caad71be66bfe7d88a790"
  integrity sha512-bsOT0rJ+HHlZd9crHoS37mt8qRRN/h9jRve1SXUhVbkRzu0QaNYZp1i1jha4n098tsvROjcwfLlfvcFuJSXEsw==
  dependencies:
    "@smithy/types" "^4.11.0"
    tslib "^2.6.2"

"@smithy/node-config-provider@^4.3.7":
  version "4.3.7"
  resolved "https://registry.yarnpkg.com/@smithy/node-config-provider/-/node-config-provider-4.3.7.tgz#c023fa857b008c314f621fb5b124724c157b2fd3"
  integrity sha512-7r58wq8sdOcrwWe+klL9y3bc4GW1gnlfnFOuL7CXa7UzfhzhxKuzNdtqgzmTV+53lEp9NXh5hY/S4UgjLOzPfw==
  dependencies:
    "@smithy/property-provider" "^4.2.7"
    "@smithy/shared-ini-file-loader" "^4.4.2"
    "@smithy/types" "^4.11.0"
    tslib "^2.6.2"

"@smithy/node-http-handler@^4.4.7":
  version "4.4.7"
  resolved "https://registry.yarnpkg.com/@smithy/node-http-handler/-/node-http-handler-4.4.7.tgz#ebdb6c10e8d203af22429987ed795b105e4e848f"
  integrity sha512-NELpdmBOO6EpZtWgQiHjoShs1kmweaiNuETUpuup+cmm/xJYjT4eUjfhrXRP4jCOaAsS3c3yPsP3B+K+/fyPCQ==
  dependencies:
    "@smithy/abort-controller" "^4.2.7"
    "@smithy/protocol-http" "^5.3.7"
    "@smithy/querystring-builder" "^4.2.7"
    "@smithy/types" "^4.11.0"
    tslib "^2.6.2"

"@smithy/property-provider@^4.2.7":
  version "4.2.7"
  resolved "https://registry.yarnpkg.com/@smithy/property-provider/-/property-provider-4.2.7.tgz#cd0044e13495cf4064b3a6ed3299e5f549ba7513"
  integrity sha512-jmNYKe9MGGPoSl/D7JDDs1C8b3dC8f/w78LbaVfoTtWy4xAd5dfjaFG9c9PWPihY4ggMQNQSMtzU77CNgAJwmA==
  dependencies:
    "@smithy/types" "^4.11.0"
    tslib "^2.6.2"

"@smithy/protocol-http@^5.3.7":
  version "5.3.7"
  resolved "https://registry.yarnpkg.com/@smithy/protocol-http/-/protocol-http-5.3.7.tgz#2a58a1dfdb7cc90a8c79f081b5b6cf96d888891a"
  integrity sha512-1r07pb994I20dD/c2seaZhoCuNYm0rWrvBxhCQ70brNh11M5Ml2ew6qJVo0lclB3jMIXirD4s2XRXRe7QEi0xA==
  dependencies:
    "@smithy/types" "^4.11.0"
    tslib "^2.6.2"

"@smithy/querystring-builder@^4.2.7":
  version "4.2.7"
  resolved "https://registry.yarnpkg.com/@smithy/querystring-builder/-/querystring-builder-4.2.7.tgz#92ada986c6026a56b26e36c64bcea6ece68d0ecb"
  integrity sha512-eKONSywHZxK4tBxe2lXEysh8wbBdvDWiA+RIuaxZSgCMmA0zMgoDpGLJhnyj+c0leOQprVnXOmcB4m+W9Rw7sg==
  dependencies:
    "@smithy/types" "^4.11.0"
    "@smithy/util-uri-escape" "^4.2.0"
    tslib "^2.6.2"

"@smithy/querystring-parser@^4.2.7":
  version "4.2.7"
  resolved "https://registry.yarnpkg.com/@smithy/querystring-parser/-/querystring-parser-4.2.7.tgz#4c645b8164d7c17270b60fc2e0f5098ae3bf0fad"
  integrity sha512-3X5ZvzUHmlSTHAXFlswrS6EGt8fMSIxX/c3Rm1Pni3+wYWB6cjGocmRIoqcQF9nU5OgGmL0u7l9m44tSUpfj9w==
  dependencies:
    "@smithy/types" "^4.11.0"
    tslib "^2.6.2"

"@smithy/service-error-classification@^4.2.7":
  version "4.2.7"
  resolved "https://registry.yarnpkg.com/@smithy/service-error-classification/-/service-error-classification-4.2.7.tgz#bcad2f16874187135d24ab588a3bb4424b073d89"
  integrity sha512-YB7oCbukqEb2Dlh3340/8g8vNGbs/QsNNRms+gv3N2AtZz9/1vSBx6/6tpwQpZMEJFs7Uq8h4mmOn48ZZ72MkA==
  dependencies:
    "@smithy/types" "^4.11.0"

"@smithy/shared-ini-file-loader@^4.4.2":
  version "4.4.2"
  resolved "https://registry.yarnpkg.com/@smithy/shared-ini-file-loader/-/shared-ini-file-loader-4.4.2.tgz#8fa1b459de485b11185fe8c64182e3205a280ba9"
  integrity sha512-M7iUUff/KwfNunmrgtqBfvZSzh3bmFgv/j/t1Y1dQ+8dNo34br1cqVEqy6v0mYEgi0DkGO7Xig0AnuOaEGVlcg==
  dependencies:
    "@smithy/types" "^4.11.0"
    tslib "^2.6.2"

"@smithy/signature-v4@^5.3.7":
  version "5.3.7"
  resolved "https://registry.yarnpkg.com/@smithy/signature-v4/-/signature-v4-5.3.7.tgz#20fe4e8e9abea413b1bdbf8560e74ad7cdee65cf"
  integrity sha512-9oNUlqBlFZFOSdxgImA6X5GFuzE7V2H7VG/7E70cdLhidFbdtvxxt81EHgykGK5vq5D3FafH//X+Oy31j3CKOg==
  dependencies:
    "@smithy/is-array-buffer" "^4.2.0"
    "@smithy/protocol-http" "^5.3.7"
    "@smithy/types" "^4.11.0"
    "@smithy/util-hex-encoding" "^4.2.0"
    "@smithy/util-middleware" "^4.2.7"
    "@smithy/util-uri-escape" "^4.2.0"
    "@smithy/util-utf8" "^4.2.0"
    tslib "^2.6.2"

"@smithy/smithy-client@^4.10.2":
  version "4.10.2"
  resolved "https://registry.yarnpkg.com/@smithy/smithy-client/-/smithy-client-4.10.2.tgz#82b9ef9e764201e86fa38d00f0b59c7b34a62463"
  integrity sha512-D5z79xQWpgrGpAHb054Fn2CCTQZpog7JELbVQ6XAvXs5MNKWf28U9gzSBlJkOyMl9LA1TZEjRtwvGXfP0Sl90g==
  dependencies:
    "@smithy/core" "^3.20.0"
    "@smithy/middleware-endpoint" "^4.4.1"
    "@smithy/middleware-stack" "^4.2.7"
    "@smithy/protocol-http" "^5.3.7"
    "@smithy/types" "^4.11.0"
    "@smithy/util-stream" "^4.5.8"
    tslib "^2.6.2"

"@smithy/types@^2.8.0":
  version "2.8.0"
  resolved "https://registry.yarnpkg.com/@smithy/types/-/types-2.8.0.tgz#bdbaa0a54c9c3538d6c763c6f32d3e4f76fe0df9"
  integrity sha512-h9sz24cFgt/W1Re22OlhQKmUZkNh244ApgRsUDYinqF8R+QgcsBIX344u2j61TPshsTz3CvL6HYU1DnQdsSrHA==
  dependencies:
    tslib "^2.5.0"

"@smithy/types@^4.11.0":
  version "4.11.0"
  resolved "https://registry.yarnpkg.com/@smithy/types/-/types-4.11.0.tgz#c02f6184dcb47c4f0b387a32a7eca47956cc09f1"
  integrity sha512-mlrmL0DRDVe3mNrjTcVcZEgkFmufITfUAPBEA+AHYiIeYyJebso/He1qLbP3PssRe22KUzLRpQSdBPbXdgZ2VA==
  dependencies:
    tslib "^2.6.2"

"@smithy/url-parser@^4.2.7":
  version "4.2.7"
  resolved "https://registry.yarnpkg.com/@smithy/url-parser/-/url-parser-4.2.7.tgz#3137e6f190c446dc8d89271c35f46a2e704bca19"
  integrity sha512-/RLtVsRV4uY3qPWhBDsjwahAtt3x2IsMGnP5W1b2VZIe+qgCqkLxI1UOHDZp1Q1QSOrdOR32MF3Ph2JfWT1VHg==
  dependencies:
    "@smithy/querystring-parser" "^4.2.7"
    "@smithy/types" "^4.11.0"
    tslib "^2.6.2"

"@smithy/util-base64@^4.3.0":
  version "4.3.0"
  resolved "https://registry.yarnpkg.com/@smithy/util-base64/-/util-base64-4.3.0.tgz#5e287b528793aa7363877c1a02cd880d2e76241d"
  integrity sha512-GkXZ59JfyxsIwNTWFnjmFEI8kZpRNIBfxKjv09+nkAWPt/4aGaEWMM04m4sxgNVWkbt2MdSvE3KF/PfX4nFedQ==
  dependencies:
    "@smithy/util-buffer-from" "^4.2.0"
    "@smithy/util-utf8" "^4.2.0"
    tslib "^2.6.2"

"@smithy/util-body-length-browser@^4.2.0":
  version "4.2.0"
  resolved "https://registry.yarnpkg.com/@smithy/util-body-length-browser/-/util-body-length-browser-4.2.0.tgz#04e9fc51ee7a3e7f648a4b4bcdf96c350cfa4d61"
  integrity sha512-Fkoh/I76szMKJnBXWPdFkQJl2r9SjPt3cMzLdOB6eJ4Pnpas8hVoWPYemX/peO0yrrvldgCUVJqOAjUrOLjbxg==
  dependencies:
    tslib "^2.6.2"

"@smithy/util-body-length-node@^4.2.1":
  version "4.2.1"
  resolved "https://registry.yarnpkg.com/@smithy/util-body-length-node/-/util-body-length-node-4.2.1.tgz#79c8a5d18e010cce6c42d5cbaf6c1958523e6fec"
  integrity sha512-h53dz/pISVrVrfxV1iqXlx5pRg3V2YWFcSQyPyXZRrZoZj4R4DeWRDo1a7dd3CPTcFi3kE+98tuNyD2axyZReA==
  dependencies:
    tslib "^2.6.2"

"@smithy/util-buffer-from@^2.0.0":
  version "2.0.0"
  resolved "https://registry.yarnpkg.com/@smithy/util-buffer-from/-/util-buffer-from-2.0.0.tgz#7eb75d72288b6b3001bc5f75b48b711513091deb"
  integrity sha512-/YNnLoHsR+4W4Vf2wL5lGv0ksg8Bmk3GEGxn2vEQt52AQaPSCuaO5PM5VM7lP1K9qHRKHwrPGktqVoAHKWHxzw==
  dependencies:
    "@smithy/is-array-buffer" "^2.0.0"
    tslib "^2.5.0"

"@smithy/util-buffer-from@^4.2.0":
  version "4.2.0"
  resolved "https://registry.yarnpkg.com/@smithy/util-buffer-from/-/util-buffer-from-4.2.0.tgz#7abd12c4991b546e7cee24d1e8b4bfaa35c68a9d"
  integrity sha512-kAY9hTKulTNevM2nlRtxAG2FQ3B2OR6QIrPY3zE5LqJy1oxzmgBGsHLWTcNhWXKchgA0WHW+mZkQrng/pgcCew==
  dependencies:
    "@smithy/is-array-buffer" "^4.2.0"
    tslib "^2.6.2"

"@smithy/util-config-provider@^4.2.0":
  version "4.2.0"
  resolved "https://registry.yarnpkg.com/@smithy/util-config-provider/-/util-config-provider-4.2.0.tgz#2e4722937f8feda4dcb09672c59925a4e6286cfc"
  integrity sha512-YEjpl6XJ36FTKmD+kRJJWYvrHeUvm5ykaUS5xK+6oXffQPHeEM4/nXlZPe+Wu0lsgRUcNZiliYNh/y7q9c2y6Q==
  dependencies:
    tslib "^2.6.2"

"@smithy/util-defaults-mode-browser@^4.3.16":
  version "4.3.16"
  resolved "https://registry.yarnpkg.com/@smithy/util-defaults-mode-browser/-/util-defaults-mode-browser-4.3.16.tgz#b89e84e3a50a12dde0ba09f0475bd3c8db1075b7"
  integrity sha512-/eiSP3mzY3TsvUOYMeL4EqUX6fgUOj2eUOU4rMMgVbq67TiRLyxT7Xsjxq0bW3OwuzK009qOwF0L2OgJqperAQ==
  dependencies:
    "@smithy/property-provider" "^4.2.7"
    "@smithy/smithy-client" "^4.10.2"
    "@smithy/types" "^4.11.0"
    tslib "^2.6.2"

"@smithy/util-defaults-mode-node@^4.2.19":
  version "4.2.19"
  resolved "https://registry.yarnpkg.com/@smithy/util-defaults-mode-node/-/util-defaults-mode-node-4.2.19.tgz#a545d026859f4a8f3ab27454d3f026f901bff257"
  integrity sha512-3a4+4mhf6VycEJyHIQLypRbiwG6aJvbQAeRAVXydMmfweEPnLLabRbdyo/Pjw8Rew9vjsh5WCdhmDaHkQnhhhA==
  dependencies:
    "@smithy/config-resolver" "^4.4.5"
    "@smithy/credential-provider-imds" "^4.2.7"
    "@smithy/node-config-provider" "^4.3.7"
    "@smithy/property-provider" "^4.2.7"
    "@smithy/smithy-client" "^4.10.2"
    "@smithy/types" "^4.11.0"
    tslib "^2.6.2"

"@smithy/util-endpoints@^3.2.7":
  version "3.2.7"
  resolved "https://registry.yarnpkg.com/@smithy/util-endpoints/-/util-endpoints-3.2.7.tgz#78cd5dd4aac8d9977f49d256d1e3418a09cade72"
  integrity sha512-s4ILhyAvVqhMDYREeTS68R43B1V5aenV5q/V1QpRQJkCXib5BPRo4s7uNdzGtIKxaPHCfU/8YkvPAEvTpxgspg==
  dependencies:
    "@smithy/node-config-provider" "^4.3.7"
    "@smithy/types" "^4.11.0"
    tslib "^2.6.2"

"@smithy/util-hex-encoding@^4.2.0":
  version "4.2.0"
  resolved "https://registry.yarnpkg.com/@smithy/util-hex-encoding/-/util-hex-encoding-4.2.0.tgz#1c22ea3d1e2c3a81ff81c0a4f9c056a175068a7b"
  integrity sha512-CCQBwJIvXMLKxVbO88IukazJD9a4kQ9ZN7/UMGBjBcJYvatpWk+9g870El4cB8/EJxfe+k+y0GmR9CAzkF+Nbw==
  dependencies:
    tslib "^2.6.2"

"@smithy/util-middleware@^4.2.7":
  version "4.2.7"
  resolved "https://registry.yarnpkg.com/@smithy/util-middleware/-/util-middleware-4.2.7.tgz#1cae2c4fd0389ac858d29f7170c33b4443e83524"
  integrity sha512-i1IkpbOae6NvIKsEeLLM9/2q4X+M90KV3oCFgWQI4q0Qz+yUZvsr+gZPdAEAtFhWQhAHpTsJO8DRJPuwVyln+w==
  dependencies:
    "@smithy/types" "^4.11.0"
    tslib "^2.6.2"

"@smithy/util-retry@^4.2.7":
  version "4.2.7"
  resolved "https://registry.yarnpkg.com/@smithy/util-retry/-/util-retry-4.2.7.tgz#4abb0d85fbd766757d4569227a68d7caa3a7b8bb"
  integrity sha512-SvDdsQyF5CIASa4EYVT02LukPHVzAgUA4kMAuZ97QJc2BpAqZfA4PINB8/KOoCXEw9tsuv/jQjMeaHFvxdLNGg==
  dependencies:
    "@smithy/service-error-classification" "^4.2.7"
    "@smithy/types" "^4.11.0"
    tslib "^2.6.2"

"@smithy/util-stream@^4.5.8":
  version "4.5.8"
  resolved "https://registry.yarnpkg.com/@smithy/util-stream/-/util-stream-4.5.8.tgz#f3c79ff0720ebbae5b90e15be5482b4eeb297882"
  integrity sha512-ZnnBhTapjM0YPGUSmOs0Mcg/Gg87k503qG4zU2v/+Js2Gu+daKOJMeqcQns8ajepY8tgzzfYxl6kQyZKml6O2w==
  dependencies:
    "@smithy/fetch-http-handler" "^5.3.8"
    "@smithy/node-http-handler" "^4.4.7"
    "@smithy/types" "^4.11.0"
    "@smithy/util-base64" "^4.3.0"
    "@smithy/util-buffer-from" "^4.2.0"
    "@smithy/util-hex-encoding" "^4.2.0"
    "@smithy/util-utf8" "^4.2.0"
    tslib "^2.6.2"

"@smithy/util-uri-escape@^4.2.0":
  version "4.2.0"
  resolved "https://registry.yarnpkg.com/@smithy/util-uri-escape/-/util-uri-escape-4.2.0.tgz#096a4cec537d108ac24a68a9c60bee73fc7e3a9e"
  integrity sha512-igZpCKV9+E/Mzrpq6YacdTQ0qTiLm85gD6N/IrmyDvQFA4UnU3d5g3m8tMT/6zG/vVkWSU+VxeUyGonL62DuxA==
  dependencies:
    tslib "^2.6.2"

"@smithy/util-utf8@^2.0.0":
  version "2.0.2"
  resolved "https://registry.yarnpkg.com/@smithy/util-utf8/-/util-utf8-2.0.2.tgz#626b3e173ad137208e27ed329d6bea70f4a1a7f7"
  integrity sha512-qOiVORSPm6Ce4/Yu6hbSgNHABLP2VMv8QOC3tTDNHHlWY19pPyc++fBTbZPtx6egPXi4HQxKDnMxVxpbtX2GoA==
  dependencies:
    "@smithy/util-buffer-from" "^2.0.0"
    tslib "^2.5.0"

"@smithy/util-utf8@^4.2.0":
  version "4.2.0"
  resolved "https://registry.yarnpkg.com/@smithy/util-utf8/-/util-utf8-4.2.0.tgz#8b19d1514f621c44a3a68151f3d43e51087fed9d"
  integrity sha512-zBPfuzoI8xyBtR2P6WQj63Rz8i3AmfAaJLuNG8dWsfvPe8lO4aCPYLn879mEgHndZH1zQ2oXmG8O1GGzzaoZiw==
  dependencies:
    "@smithy/util-buffer-from" "^4.2.0"
    tslib "^2.6.2"

"@smithy/uuid@^1.1.0":
  version "1.1.0"
  resolved "https://registry.yarnpkg.com/@smithy/uuid/-/uuid-1.1.0.tgz#9fd09d3f91375eab94f478858123387df1cda987"
  integrity sha512-4aUIteuyxtBUhVdiQqcDhKFitwfd9hqoSDYY2KRXiWtgoWJ9Bmise+KfEPDiVHWeJepvF8xJO9/9+WDIciMFFw==
  dependencies:
    tslib "^2.6.2"

"@tsconfig/node18@18.2.4":
  version "18.2.4"
  resolved "https://registry.yarnpkg.com/@tsconfig/node18/-/node18-18.2.4.tgz#094efbdd70f697d37c09f34067bf41bc4a828ae3"
  integrity sha512-5xxU8vVs9/FNcvm3gE07fPbn9tl6tqGGWA9tSlwsUEkBxtRnTsNmwrV8gasZ9F/EobaSv9+nu8AxUKccw77JpQ==

"@types/node@^18.19.69":
  version "18.19.112"
  resolved "https://registry.yarnpkg.com/@types/node/-/node-18.19.112.tgz#cd2aee9c075402e0e1942a44101428881dbeb110"
  integrity sha512-i+Vukt9POdS/MBI7YrrkkI5fMfwFtOjphSmt4WXYLfwqsfr6z/HdCx7LqT9M7JktGob8WNgj8nFB4TbGNE4Cog==
  dependencies:
    undici-types "~5.26.4"

ansi-regex@^5.0.1:
  version "5.0.1"
  resolved "https://registry.yarnpkg.com/ansi-regex/-/ansi-regex-5.0.1.tgz#082cb2c89c9fe8659a311a53bd6a4dc5301db304"
  integrity sha512-quJQXlTSUGL2LH9SUXo8VwsY4soanhgo6LNSm84E1LBcE8s3O0wpdiRzyR9z/ZZJMlMWv37qOOb9pdJlMUEKFQ==

ansi-styles@^4.0.0, ansi-styles@^4.1.0:
  version "4.3.0"
  resolved "https://registry.yarnpkg.com/ansi-styles/-/ansi-styles-4.3.0.tgz#edd803628ae71c04c85ae7a0906edad34b648937"
  integrity sha512-zbB9rCJAT1rbjiVDb2hqKFHNYLxgtk8NURxZ3IZwD3F6NtxbXZQCnnSi1Lkx+IDohdPlFp222wVALIheZJQSEg==
  dependencies:
    color-convert "^2.0.1"

balanced-match@^1.0.0:
  version "1.0.2"
  resolved "https://registry.yarnpkg.com/balanced-match/-/balanced-match-1.0.2.tgz#e83e3a7e3f300b34cb9d87f615fa0cbf357690ee"
  integrity sha512-3oSeUO0TMV67hN1AmbXsK4yaqU7tjiHlbxRDZOpH0KW9+CeX4bRAaX0Anxt0tx2MrpRpWwQaPwIlISEJhYU5Pw==

bowser@^2.11.0:
  version "2.11.0"
  resolved "https://registry.yarnpkg.com/bowser/-/bowser-2.11.0.tgz#5ca3c35757a7aa5771500c70a73a9f91ef420a8f"
  integrity sha512-AlcaJBi/pqqJBIQ8U9Mcpc9i8Aqxn88Skv5d+xBX006BY5u8N3mGLHa5Lgppa7L/HfwgwLgZ6NYs+Ag6uUmJRA==

brace-expansion@^1.1.7:
  version "1.1.11"
  resolved "https://registry.yarnpkg.com/brace-expansion/-/brace-expansion-1.1.11.tgz#3c7fcbf529d87226f3d2f52b966ff5271eb441dd"
  integrity sha512-iCuPHDFgrHX7H2vEI/5xpz07zSHB00TpugqhmYtVmMO6518mCuRMoOYFldEBl0g187ufozdaHgWKcYFb61qGiA==
  dependencies:
    balanced-match "^1.0.0"
    concat-map "0.0.1"

chalk@^4.1.0:
  version "4.1.2"
  resolved "https://registry.yarnpkg.com/chalk/-/chalk-4.1.2.tgz#aac4e2b7734a740867aeb16bf02aad556a1e7a01"
  integrity sha512-oKnbhFyRIXpUuez8iBMmyEa4nbj4IOQyuhc/wy9kY7/WVPcwIO9VA668Pu8RkO7+0G76SLROeyw9CpQ061i4mA==
  dependencies:
    ansi-styles "^4.1.0"
    supports-color "^7.1.0"

cliui@^7.0.2:
  version "7.0.4"
  resolved "https://registry.yarnpkg.com/cliui/-/cliui-7.0.4.tgz#a0265ee655476fc807aea9df3df8df7783808b4f"
  integrity sha512-OcRE68cOsVMXp1Yvonl/fzkQOyjLSu/8bhPDfQt0e0/Eb283TKP20Fs2MqoPsr9SwA595rRCA+QMzYc9nBP+JQ==
  dependencies:
    string-width "^4.2.0"
    strip-ansi "^6.0.0"
    wrap-ansi "^7.0.0"

color-convert@^2.0.1:
  version "2.0.1"
  resolved "https://registry.yarnpkg.com/color-convert/-/color-convert-2.0.1.tgz#72d3a68d598c9bdb3af2ad1e84f21d896abd4de3"
  integrity sha512-RRECPsj7iu/xb5oKYcsFHSppFNnsj/52OVTRKb4zP5onXwVF3zVmmToNcOfGC+CRDpfK/U584fMg38ZHCaElKQ==
  dependencies:
    color-name "~1.1.4"

color-name@~1.1.4:
  version "1.1.4"
  resolved "https://registry.yarnpkg.com/color-name/-/color-name-1.1.4.tgz#c2a09a87acbde69543de6f63fa3995c826c536a2"
  integrity sha512-dOy+3AuW3a2wNbZHIuMZpTcgjGuLU/uBL/ubcZF9OXbDo8ff4O8yVp5Bf0efS8uEoYo5q4Fx7dY9OgQGXgAsQA==

concat-map@0.0.1:
  version "0.0.1"
  resolved "https://registry.yarnpkg.com/concat-map/-/concat-map-0.0.1.tgz#d8a96bd77fd68df7793a73036a3ba0d5405d477b"
  integrity sha512-/Srv4dswyQNBfohGpz9o6Yb3Gz3SrUDqBH5rTuhGR7ahtlbYKnVxw2bCFMRljaA7EXHaXZ8wsHdodFvbkhKmqg==

concurrently@7.0.0:
  version "7.0.0"
  resolved "https://registry.yarnpkg.com/concurrently/-/concurrently-7.0.0.tgz#78d31b441cec338dab03316c221a2f9a67c529b0"
  integrity sha512-WKM7PUsI8wyXpF80H+zjHP32fsgsHNQfPLw/e70Z5dYkV7hF+rf8q3D+ScWJIEr57CpkO3OWBko6hwhQLPR8Pw==
  dependencies:
    chalk "^4.1.0"
    date-fns "^2.16.1"
    lodash "^4.17.21"
    rxjs "^6.6.3"
    spawn-command "^0.0.2-1"
    supports-color "^8.1.0"
    tree-kill "^1.2.2"
    yargs "^16.2.0"

date-fns@^2.16.1:
  version "2.30.0"
  resolved "https://registry.yarnpkg.com/date-fns/-/date-fns-2.30.0.tgz#f367e644839ff57894ec6ac480de40cae4b0f4d0"
  integrity sha512-fnULvOpxnC5/Vg3NCiWelDsLiUc9bRwAPs/+LfTLNvetFCtCTN+yQz15C/fs4AwX1R9K5GLtLfn8QW+dWisaAw==
  dependencies:
    "@babel/runtime" "^7.21.0"

downlevel-dts@0.10.1:
  version "0.10.1"
  resolved "https://registry.yarnpkg.com/downlevel-dts/-/downlevel-dts-0.10.1.tgz#2f0a09f0e63f43c49da78897edb1bb292c8769cf"
  integrity sha512-bwY63Y0Gfwotcly4vU6rB66m5txvfQzDGd1Gai9E9orqsDIswXKjkdR18Tm6TidnAk9+J5N68a5VMDO2bsQCKQ==
  dependencies:
    semver "^7.3.2"
    shelljs "^0.8.3"
    typescript next

emoji-regex@^8.0.0:
  version "8.0.0"
  resolved "https://registry.yarnpkg.com/emoji-regex/-/emoji-regex-8.0.0.tgz#e818fd69ce5ccfcb404594f842963bf53164cc37"
  integrity sha512-MSjYzcWNOA0ewAHpz0MxpYFvwg6yjy1NG3xteoqz644VCo/RPgnr1/GGt+ic3iJTzQ8Eu3TdM14SawnVUmGE6A==

escalade@^3.1.1:
  version "3.1.1"
  resolved "https://registry.yarnpkg.com/escalade/-/escalade-3.1.1.tgz#d8cfdc7000965c5a0174b4a82eaa5c0552742e40"
  integrity sha512-k0er2gUkLf8O0zKJiAhmkTnJlTvINGv7ygDNPbeIsX/TJjGJZHuh9B2UxbsaEkmlEo9MfhrSzmhIlhRlI2GXnw==

fast-xml-parser@5.2.5:
  version "5.2.5"
  resolved "https://registry.yarnpkg.com/fast-xml-parser/-/fast-xml-parser-5.2.5.tgz#4809fdfb1310494e341098c25cb1341a01a9144a"
  integrity sha512-pfX9uG9Ki0yekDHx2SiuRIyFdyAr1kMIMitPvb0YBo8SUfKvia7w7FIyd/l6av85pFYRhZscS75MwMnbvY+hcQ==
  dependencies:
    strnum "^2.1.0"

fs.realpath@^1.0.0:
  version "1.0.0"
  resolved "https://registry.yarnpkg.com/fs.realpath/-/fs.realpath-1.0.0.tgz#1504ad2523158caa40db4a2787cb01411994ea4f"
  integrity sha512-OO0pH2lK6a0hZnAdau5ItzHPI6pUlvI7jMVnxUQRtw4owF2wk8lOSabtGDCTP4Ggrg2MbGnWO9X8K1t4+fGMDw==

function-bind@^1.1.2:
  version "1.1.2"
  resolved "https://registry.yarnpkg.com/function-bind/-/function-bind-1.1.2.tgz#2c02d864d97f3ea6c8830c464cbd11ab6eab7a1c"
  integrity sha512-7XHNxH7qX9xG5mIwxkhumTox/MIRNcOgDrxWsMt2pAr23WHp6MrRlN7FBSFpCpr+oVO0F744iUgR82nJMfG2SA==

get-caller-file@^2.0.5:
  version "2.0.5"
  resolved "https://registry.yarnpkg.com/get-caller-file/-/get-caller-file-2.0.5.tgz#4f94412a82db32f36e3b0b9741f8a97feb031f7e"
  integrity sha512-DyFP3BM/3YHTQOCUL/w0OZHR0lpKeGrxotcHWcqNEdnltqFwXVfhEBQ94eIo34AfQpo0rGki4cyIiftY06h2Fg==

glob@^7.0.0, glob@^7.1.3:
  version "7.2.3"
  resolved "https://registry.yarnpkg.com/glob/-/glob-7.2.3.tgz#b8df0fb802bbfa8e89bd1d938b4e16578ed44f2b"
  integrity sha512-nFR0zLpU2YCaRxwoCJvL6UvCH2JFyFVIvwTLsIf21AuHlMskA1hhTdk+LlYJtOlYt9v6dvszD2BGRqBL+iQK9Q==
  dependencies:
    fs.realpath "^1.0.0"
    inflight "^1.0.4"
    inherits "2"
    minimatch "^3.1.1"
    once "^1.3.0"
    path-is-absolute "^1.0.0"

has-flag@^4.0.0:
  version "4.0.0"
  resolved "https://registry.yarnpkg.com/has-flag/-/has-flag-4.0.0.tgz#944771fd9c81c81265c4d6941860da06bb59479b"
  integrity sha512-EykJT/Q1KjTWctppgIAgfSO0tKVuZUjhgMr17kqTumMl6Afv3EISleU7qZUzoXDFTAHTDC4NOoG/ZxU3EvlMPQ==

hasown@^2.0.0:
  version "2.0.0"
  resolved "https://registry.yarnpkg.com/hasown/-/hasown-2.0.0.tgz#f4c513d454a57b7c7e1650778de226b11700546c"
  integrity sha512-vUptKVTpIJhcczKBbgnS+RtcuYMB8+oNzPK2/Hp3hanz8JmpATdmmgLgSaadVREkDm+e2giHwY3ZRkyjSIDDFA==
  dependencies:
    function-bind "^1.1.2"

inflight@^1.0.4:
  version "1.0.6"
  resolved "https://registry.yarnpkg.com/inflight/-/inflight-1.0.6.tgz#49bd6331d7d02d0c09bc910a1075ba8165b56df9"
  integrity sha512-k92I/b08q4wvFscXCLvqfsHCrjrF7yiXsQuIVvVE7N82W3+aqpzuUdBbfhWcy/FZR3/4IgflMgKLOsvPDrGCJA==
  dependencies:
    once "^1.3.0"
    wrappy "1"

inherits@2:
  version "2.0.4"
  resolved "https://registry.yarnpkg.com/inherits/-/inherits-2.0.4.tgz#0fa2c64f932917c3433a0ded55363aae37416b7c"
  integrity sha512-k/vGaX4/Yla3WzyMCvTQOXYeIHvqOKtnqBduzTHpzpQZzAskKMhZ2K+EnBiSM9zGSoIFeMpXKxa4dYeZIQqewQ==

interpret@^1.0.0:
  version "1.4.0"
  resolved "https://registry.yarnpkg.com/interpret/-/interpret-1.4.0.tgz#665ab8bc4da27a774a40584e812e3e0fa45b1a1e"
  integrity sha512-agE4QfB2Lkp9uICn7BAqoscw4SZP9kTE2hxiFI3jBPmXJfdqiahTbUuKGsMoN2GtqL9AxhYioAcVvgsb1HvRbA==

is-core-module@^2.13.0:
  version "2.13.1"
  resolved "https://registry.yarnpkg.com/is-core-module/-/is-core-module-2.13.1.tgz#ad0d7532c6fea9da1ebdc82742d74525c6273384"
  integrity sha512-hHrIjvZsftOsvKSn2TRYl63zvxsgE0K+0mYMoH6gD4omR5IWB2KynivBQczo3+wF1cCkjzvptnI9Q0sPU66ilw==
  dependencies:
    hasown "^2.0.0"

is-fullwidth-code-point@^3.0.0:
  version "3.0.0"
  resolved "https://registry.yarnpkg.com/is-fullwidth-code-point/-/is-fullwidth-code-point-3.0.0.tgz#f116f8064fe90b3f7844a38997c0b75051269f1d"
  integrity sha512-zymm5+u+sCsSWyD9qNaejV3DFvhCKclKdizYaJUuHA83RLjb7nSuGnddCHGv0hk+KY7BMAlsWeK4Ueg6EV6XQg==

lodash@^4.17.21:
  version "4.17.21"
  resolved "https://registry.yarnpkg.com/lodash/-/lodash-4.17.21.tgz#679591c564c3bffaae8454cf0b3df370c3d6911c"
  integrity sha512-v2kDEe57lecTulaDIuNTPy3Ry4gLGJ6Z1O3vE1krgXZNrsQ+LFTGHVxVjcXPs17LhbZVGedAJv8XZ1tvj5FvSg==

lru-cache@^6.0.0:
  version "6.0.0"
  resolved "https://registry.yarnpkg.com/lru-cache/-/lru-cache-6.0.0.tgz#6d6fe6570ebd96aaf90fcad1dafa3b2566db3a94"
  integrity sha512-Jo6dJ04CmSjuznwJSS3pUeWmd/H0ffTlkXXgwZi+eq1UCmqQwCh+eLsYOYCwY991i2Fah4h1BEMCx4qThGbsiA==
  dependencies:
    yallist "^4.0.0"

minimatch@^3.1.1:
  version "3.1.2"
  resolved "https://registry.yarnpkg.com/minimatch/-/minimatch-3.1.2.tgz#19cd194bfd3e428f049a70817c038d89ab4be35b"
  integrity sha512-J7p63hRiAjw1NDEww1W7i37+ByIrOWO5XQQAzZ3VOcL0PNybwpfmV/N05zFAzwQ9USyEcX6t3UO+K5aqBQOIHw==
  dependencies:
    brace-expansion "^1.1.7"

once@^1.3.0:
  version "1.4.0"
  resolved "https://registry.yarnpkg.com/once/-/once-1.4.0.tgz#583b1aa775961d4b113ac17d9c50baef9dd76bd1"
  integrity sha512-lNaJgI+2Q5URQBkccEKHTQOPaXdUxnZZElQTZY0MFUAuaEqe1E+Nyvgdz/aIyNi6Z9MzO5dv1H8n58/GELp3+w==
  dependencies:
    wrappy "1"

path-is-absolute@^1.0.0:
  version "1.0.1"
  resolved "https://registry.yarnpkg.com/path-is-absolute/-/path-is-absolute-1.0.1.tgz#174b9268735534ffbc7ace6bf53a5a9e1b5c5f5f"
  integrity sha512-AVbw3UJ2e9bq64vSaS9Am0fje1Pa8pbGqTTsmXfaIiMpnr5DlDhfJOuLj9Sf95ZPVDAUerDfEk88MPmPe7UCQg==

path-parse@^1.0.7:
  version "1.0.7"
  resolved "https://registry.yarnpkg.com/path-parse/-/path-parse-1.0.7.tgz#fbc114b60ca42b30d9daf5858e4bd68bbedb6735"
  integrity sha512-LDJzPVEEEPR+y48z93A0Ed0yXb8pAByGWo/k5YYdYgpY2/2EsOsksJrq7lOHxryrVOn1ejG6oAp8ahvOIQD8sw==

rechoir@^0.6.2:
  version "0.6.2"
  resolved "https://registry.yarnpkg.com/rechoir/-/rechoir-0.6.2.tgz#85204b54dba82d5742e28c96756ef43af50e3384"
  integrity sha512-HFM8rkZ+i3zrV+4LQjwQ0W+ez98pApMGM3HUrN04j3CqzPOzl9nmP15Y8YXNm8QHGv/eacOVEjqhmWpkRV0NAw==
  dependencies:
    resolve "^1.1.6"

regenerator-runtime@^0.14.0:
  version "0.14.1"
  resolved "https://registry.yarnpkg.com/regenerator-runtime/-/regenerator-runtime-0.14.1.tgz#356ade10263f685dda125100cd862c1db895327f"
  integrity sha512-dYnhHh0nJoMfnkZs6GmmhFknAGRrLznOu5nc9ML+EJxGvrx6H7teuevqVqCuPcPK//3eDrrjQhehXVx9cnkGdw==

require-directory@^2.1.1:
  version "2.1.1"
  resolved "https://registry.yarnpkg.com/require-directory/-/require-directory-2.1.1.tgz#8c64ad5fd30dab1c976e2344ffe7f792a6a6df42"
  integrity sha512-fGxEI7+wsG9xrvdjsrlmL22OMTTiHRwAMroiEeMgq8gzoLC/PQr7RsRDSTLUg/bZAZtF+TVIkHc6/4RIKrui+Q==

resolve@^1.1.6:
  version "1.22.8"
  resolved "https://registry.yarnpkg.com/resolve/-/resolve-1.22.8.tgz#b6c87a9f2aa06dfab52e3d70ac8cde321fa5a48d"
  integrity sha512-oKWePCxqpd6FlLvGV1VU0x7bkPmmCNolxzjMf4NczoDnQcIWrAF+cPtZn5i6n+RfD2d9i0tzpKnG6Yk168yIyw==
  dependencies:
    is-core-module "^2.13.0"
    path-parse "^1.0.7"
    supports-preserve-symlinks-flag "^1.0.0"

rimraf@^3.0.0:
  version "3.0.2"
  resolved "https://registry.yarnpkg.com/rimraf/-/rimraf-3.0.2.tgz#f1a5402ba6220ad52cc1282bac1ae3aa49fd061a"
  integrity sha512-JZkJMZkAGFFPP2YqXZXPbMlMBgsxzE8ILs4lMIX/2o0L9UBw9O/Y3o6wFw/i9YLapcUJWwqbi3kdxIPdC62TIA==
  dependencies:
    glob "^7.1.3"

rxjs@^6.6.3:
  version "6.6.7"
  resolved "https://registry.yarnpkg.com/rxjs/-/rxjs-6.6.7.tgz#90ac018acabf491bf65044235d5863c4dab804c9"
  integrity sha512-hTdwr+7yYNIT5n4AMYp85KA6yw2Va0FLa3Rguvbpa4W3I5xynaBZo41cM3XM+4Q6fRMj3sBYIR1VAmZMXYJvRQ==
  dependencies:
    tslib "^1.9.0"

semver@^7.3.2:
  version "7.5.4"
  resolved "https://registry.yarnpkg.com/semver/-/semver-7.5.4.tgz#483986ec4ed38e1c6c48c34894a9182dbff68a6e"
  integrity sha512-1bCSESV6Pv+i21Hvpxp3Dx+pSD8lIPt8uVjRrxAUt/nbswYc+tK6Y2btiULjd4+fnq15PX+nqQDC7Oft7WkwcA==
  dependencies:
    lru-cache "^6.0.0"

shelljs@^0.8.3:
  version "0.8.5"
  resolved "https://registry.yarnpkg.com/shelljs/-/shelljs-0.8.5.tgz#de055408d8361bed66c669d2f000538ced8ee20c"
  integrity sha512-TiwcRcrkhHvbrZbnRcFYMLl30Dfov3HKqzp5tO5b4pt6G/SezKcYhmDg15zXVBswHmctSAQKznqNW2LO5tTDow==
  dependencies:
    glob "^7.0.0"
    interpret "^1.0.0"
    rechoir "^0.6.2"

spawn-command@^0.0.2-1:
  version "0.0.2-1"
  resolved "https://registry.yarnpkg.com/spawn-command/-/spawn-command-0.0.2-1.tgz#62f5e9466981c1b796dc5929937e11c9c6921bd0"
  integrity sha512-n98l9E2RMSJ9ON1AKisHzz7V42VDiBQGY6PB1BwRglz99wpVsSuGzQ+jOi6lFXBGVTCrRpltvjm+/XA+tpeJrg==

string-width@^4.1.0, string-width@^4.2.0:
  version "4.2.3"
  resolved "https://registry.yarnpkg.com/string-width/-/string-width-4.2.3.tgz#269c7117d27b05ad2e536830a8ec895ef9c6d010"
  integrity sha512-wKyQRQpjJ0sIp62ErSZdGsjMJWsap5oRNihHhu6G7JVO/9jIB6UyevL+tXuOqrng8j/cxKTWyWUwvSTriiZz/g==
  dependencies:
    emoji-regex "^8.0.0"
    is-fullwidth-code-point "^3.0.0"
    strip-ansi "^6.0.1"

strip-ansi@^6.0.0, strip-ansi@^6.0.1:
  version "6.0.1"
  resolved "https://registry.yarnpkg.com/strip-ansi/-/strip-ansi-6.0.1.tgz#9e26c63d30f53443e9489495b2105d37b67a85d9"
  integrity sha512-Y38VPSHcqkFrCpFnQ9vuSXmquuv5oXOKpGeT6aGrr3o3Gc9AlVa6JBfUSOCnbxGGZF+/0ooI7KrPuUSztUdU5A==
  dependencies:
    ansi-regex "^5.0.1"

strnum@^2.1.0:
  version "2.1.2"
  resolved "https://registry.yarnpkg.com/strnum/-/strnum-2.1.2.tgz#a5e00ba66ab25f9cafa3726b567ce7a49170937a"
  integrity sha512-l63NF9y/cLROq/yqKXSLtcMeeyOfnSQlfMSlzFt/K73oIaD8DGaQWd7Z34X9GPiKqP5rbSh84Hl4bOlLcjiSrQ==

supports-color@^7.1.0:
  version "7.2.0"
  resolved "https://registry.yarnpkg.com/supports-color/-/supports-color-7.2.0.tgz#1b7dcdcb32b8138801b3e478ba6a51caa89648da"
  integrity sha512-qpCAvRl9stuOHveKsn7HncJRvv501qIacKzQlO/+Lwxc9+0q2wLyv4Dfvt80/DPn2pqOBsJdDiogXGR9+OvwRw==
  dependencies:
    has-flag "^4.0.0"

supports-color@^8.1.0:
  version "8.1.1"
  resolved "https://registry.yarnpkg.com/supports-color/-/supports-color-8.1.1.tgz#cd6fc17e28500cff56c1b86c0a7fd4a54a73005c"
  integrity sha512-MpUEN2OodtUzxvKQl72cUF7RQ5EiHsGvSsVG0ia9c5RbWGL2CI4C7EpPS8UTBIplnlzZiNuV56w+FuNxy3ty2Q==
  dependencies:
    has-flag "^4.0.0"

supports-preserve-symlinks-flag@^1.0.0:
  version "1.0.0"
  resolved "https://registry.yarnpkg.com/supports-preserve-symlinks-flag/-/supports-preserve-symlinks-flag-1.0.0.tgz#6eda4bd344a3c94aea376d4cc31bc77311039e09"
  integrity sha512-ot0WnXS9fgdkgIcePe6RHNk1WA8+muPa6cSjeR3V8K27q9BB1rTE3R1p7Hv0z1ZyAc8s6Vvv8DIyWf681MAt0w==

tree-kill@^1.2.2:
  version "1.2.2"
  resolved "https://registry.yarnpkg.com/tree-kill/-/tree-kill-1.2.2.tgz#4ca09a9092c88b73a7cdc5e8a01b507b0790a0cc"
  integrity sha512-L0Orpi8qGpRG//Nd+H90vFB+3iHnue1zSSGmNOOCh1GLJ7rUKVwV2HvijphGQS2UmhUZewS9VgvxYIdgr+fG1A==

tslib@^1.9.0:
  version "1.14.1"
  resolved "https://registry.yarnpkg.com/tslib/-/tslib-1.14.1.tgz#cf2d38bdc34a134bcaf1091c41f6619e2f672d00"
  integrity sha512-Xni35NKzjgMrwevysHTCArtLDpPvye8zV/0E4EyYn43P7/7qvQwPh9BGkHewbMulVntbigmcT7rdX3BNo9wRJg==

tslib@^2.5.0:
  version "2.6.2"
  resolved "https://registry.yarnpkg.com/tslib/-/tslib-2.6.2.tgz#703ac29425e7b37cd6fd456e92404d46d1f3e4ae"
  integrity sha512-AEYxH93jGFPn/a2iVAwW87VuUIkR1FVUKB77NwMF7nBTDkDrrT/Hpt/IrCJ0QXhW27jTBDcf5ZY7w6RiqTMw2Q==

tslib@^2.6.2:
  version "2.8.1"
  resolved "https://registry.yarnpkg.com/tslib/-/tslib-2.8.1.tgz#612efe4ed235d567e8aba5f2a5fab70280ade83f"
  integrity sha512-oJFu94HQb+KVduSUQL7wnpmqnfmLsOA/nAh6b6EH0wCEoK0/mPeXU6c3wKDV83MkOuHPRHtSXKKU99IBazS/2w==

typescript@next:
  version "5.4.0-dev.20240111"
  resolved "https://registry.yarnpkg.com/typescript/-/typescript-5.4.0-dev.20240111.tgz#96a994ecbb1720d15c3a09d3659497009c97049e"
  integrity sha512-97UgxVdlXJau9HbNNYghxWHaauDT+50ioh3mepeOfOec6Eq2Hsc4ivTg+N4o4sfVF4MNBJ7rYrejqDvhhrE6aw==

typescript@~5.8.3:
  version "5.8.3"
  resolved "https://registry.yarnpkg.com/typescript/-/typescript-5.8.3.tgz#92f8a3e5e3cf497356f4178c34cd65a7f5e8440e"
  integrity sha512-p1diW6TqL9L07nNxvRMM7hMMw4c5XOo/1ibL4aAIGmSAt9slTE1Xgw5KWuof2uTOvCg9BY7ZRi+GaF+7sfgPeQ==

undici-types@~5.26.4:
  version "5.26.5"
  resolved "https://registry.yarnpkg.com/undici-types/-/undici-types-5.26.5.tgz#bcd539893d00b56e964fd2657a4866b221a65617"
  integrity sha512-JlCMO+ehdEIKqlFxk6IfVoAUVmgz7cU7zD/h9XZ0qzeosSHmUJVOzSQvvYSYWXkFXC+IfLKSIffhv0sVZup6pA==

wrap-ansi@^7.0.0:
  version "7.0.0"
  resolved "https://registry.yarnpkg.com/wrap-ansi/-/wrap-ansi-7.0.0.tgz#67e145cff510a6a6984bdf1152911d69d2eb9e43"
  integrity sha512-YVGIj2kamLSTxw6NsZjoBxfSwsn0ycdesmc4p+Q21c5zPuZ1pl+NfxVdxPtdHvmNVOQ6XSYG4AUtyt/Fi7D16Q==
  dependencies:
    ansi-styles "^4.0.0"
    string-width "^4.1.0"
    strip-ansi "^6.0.0"

wrappy@1:
  version "1.0.2"
  resolved "https://registry.yarnpkg.com/wrappy/-/wrappy-1.0.2.tgz#b5243d8f3ec1aa35f1364605bc0d1036e30ab69f"
  integrity sha512-l4Sp/DRseor9wL6EvV2+TuQn63dMkPjZ/sp9XkghTEbV9KlPS1xUsZ3u7/IQO4wxtcFB4bgpQPRcR3QCvezPcQ==

y18n@^5.0.5:
  version "5.0.8"
  resolved "https://registry.yarnpkg.com/y18n/-/y18n-5.0.8.tgz#7f4934d0f7ca8c56f95314939ddcd2dd91ce1d55"
  integrity sha512-0pfFzegeDWJHJIAmTLRP2DwHjdF5s7jo9tuztdQxAhINCdvS+3nGINqPd00AphqJR/0LhANUS6/+7SCb98YOfA==

yallist@^4.0.0:
  version "4.0.0"
  resolved "https://registry.yarnpkg.com/yallist/-/yallist-4.0.0.tgz#9bb92790d9c0effec63be73519e11a35019a3a72"
  integrity sha512-3wdGidZyq5PB084XLES5TpOSRA3wjXAlIWMhum2kRcv/41Sn2emQ0dycQW4uZXLejwKvg6EsvbdlVL+FYEct7A==

yargs-parser@^20.2.2:
  version "20.2.9"
  resolved "https://registry.yarnpkg.com/yargs-parser/-/yargs-parser-20.2.9.tgz#2eb7dc3b0289718fc295f362753845c41a0c94ee"
  integrity sha512-y11nGElTIV+CT3Zv9t7VKl+Q3hTQoT9a1Qzezhhl6Rp21gJ/IVTW7Z3y9EWXhuUBC2Shnf+DX0antecpAwSP8w==

yargs@^16.2.0:
  version "16.2.0"
  resolved "https://registry.yarnpkg.com/yargs/-/yargs-16.2.0.tgz#1c82bf0f6b6a66eafce7ef30e376f49a12477f66"
  integrity sha512-D1mvvtDG0L5ft/jGWkLpG1+m0eQxOfaBvTNELraWj22wSVUMWxZUvYgJYcKh6jGGIkJFhH4IZPQhR4TKpc8mBw==
  dependencies:
    cliui "^7.0.2"
    escalade "^3.1.1"
    get-caller-file "^2.0.5"
    require-directory "^2.1.1"
    string-width "^4.2.0"
    y18n "^5.0.5"
    yargs-parser "^20.2.2"
